// !$*UTF8*$!
{
	archiveVersion = 1;
	classes = {
	};
	objectVersion = 56;
	objects = {

/* Begin PBXBuildFile section */
		23659EF54ED175C4130CEE7F /* Pods_PerformanceMonitor.framework in Frameworks */ = {isa = PBXBuildFile; fileRef = 9CE94BFC8D1D7203E607B928 /* Pods_PerformanceMonitor.framework */; };
		C2884A692C6AA209004A971C /* PerformanceMonitor.docc in Sources */ = {isa = PBXBuildFile; fileRef = C2884A682C6AA209004A971C /* PerformanceMonitor.docc */; };
		C2884A752C6AA209004A971C /* PerformanceMonitor.h in Headers */ = {isa = PBXBuildFile; fileRef = C2884A672C6AA209004A971C /* PerformanceMonitor.h */; settings = {ATTRIBUTES = (Public, ); }; };
		C2884A7F2C6AA253004A971C /* PerformanceMonitor.swift in Sources */ = {isa = PBXBuildFile; fileRef = C2884A7E2C6AA253004A971C /* PerformanceMonitor.swift */; };
		C2884A812C6AA3F6004A971C /* GPUUtilization.framework in Frameworks */ = {isa = PBXBuildFile; fileRef = C2884A802C6AA3F6004A971C /* GPUUtilization.framework */; };
		C2884A822C6AA3F6004A971C /* GPUUtilization.framework in Embed Frameworks */ = {isa = PBXBuildFile; fileRef = C2884A802C6AA3F6004A971C /* GPUUtilization.framework */; settings = {ATTRIBUTES = (CodeSignOnCopy, RemoveHeadersOnCopy, ); }; };
/* End PBXBuildFile section */

/* Begin PBXCopyFilesBuildPhase section */
		C2884A832C6AA3F6004A971C /* Embed Frameworks */ = {
			isa = PBXCopyFilesBuildPhase;
			buildActionMask = 2147483647;
			dstPath = "";
			dstSubfolderSpec = 10;
			files = (
				C2884A822C6AA3F6004A971C /* GPUUtilization.framework in Embed Frameworks */,
			);
			name = "Embed Frameworks";
			runOnlyForDeploymentPostprocessing = 0;
		};
/* End PBXCopyFilesBuildPhase section */

/* Begin PBXFileReference section */
		084FFA96DFB76E34A138D794 /* Pods_PerformanceMonitor_PerformanceMonitorTests.framework */ = {isa = PBXFileReference; explicitFileType = wrapper.framework; includeInIndex = 0; path = Pods_PerformanceMonitor_PerformanceMonitorTests.framework; sourceTree = BUILT_PRODUCTS_DIR; };
		19BA314E8ACD0819D7C509BA /* Pods-PerformanceMonitor-PerformanceMonitorTests.release.xcconfig */ = {isa = PBXFileReference; includeInIndex = 1; lastKnownFileType = text.xcconfig; name = "Pods-PerformanceMonitor-PerformanceMonitorTests.release.xcconfig"; path = "Target Support Files/Pods-PerformanceMonitor-PerformanceMonitorTests/Pods-PerformanceMonitor-PerformanceMonitorTests.release.xcconfig"; sourceTree = "<group>"; };
		5DA1B6A1CE55C6ED05E73DE2 /* Pods-PerformanceMonitor.debug.xcconfig */ = {isa = PBXFileReference; includeInIndex = 1; lastKnownFileType = text.xcconfig; name = "Pods-PerformanceMonitor.debug.xcconfig"; path = "Target Support Files/Pods-PerformanceMonitor/Pods-PerformanceMonitor.debug.xcconfig"; sourceTree = "<group>"; };
		905592DC3B08F6E1E3F4E592 /* Pods-PerformanceMonitor-PerformanceMonitorTests.debug.xcconfig */ = {isa = PBXFileReference; includeInIndex = 1; lastKnownFileType = text.xcconfig; name = "Pods-PerformanceMonitor-PerformanceMonitorTests.debug.xcconfig"; path = "Target Support Files/Pods-PerformanceMonitor-PerformanceMonitorTests/Pods-PerformanceMonitor-PerformanceMonitorTests.debug.xcconfig"; sourceTree = "<group>"; };
		9CE94BFC8D1D7203E607B928 /* Pods_PerformanceMonitor.framework */ = {isa = PBXFileReference; explicitFileType = wrapper.framework; includeInIndex = 0; path = Pods_PerformanceMonitor.framework; sourceTree = BUILT_PRODUCTS_DIR; };
		C2884A642C6AA209004A971C /* PerformanceMonitor.framework */ = {isa = PBXFileReference; explicitFileType = wrapper.framework; includeInIndex = 0; path = PerformanceMonitor.framework; sourceTree = BUILT_PRODUCTS_DIR; };
		C2884A672C6AA209004A971C /* PerformanceMonitor.h */ = {isa = PBXFileReference; lastKnownFileType = sourcecode.c.h; path = PerformanceMonitor.h; sourceTree = "<group>"; };
		C2884A682C6AA209004A971C /* PerformanceMonitor.docc */ = {isa = PBXFileReference; lastKnownFileType = folder.documentationcatalog; path = PerformanceMonitor.docc; sourceTree = "<group>"; };
		C2884A7E2C6AA253004A971C /* PerformanceMonitor.swift */ = {isa = PBXFileReference; lastKnownFileType = sourcecode.swift; path = PerformanceMonitor.swift; sourceTree = "<group>"; };
		C2884A802C6AA3F6004A971C /* GPUUtilization.framework */ = {isa = PBXFileReference; explicitFileType = wrapper.framework; path = GPUUtilization.framework; sourceTree = BUILT_PRODUCTS_DIR; };
		D64F17E473DFE4B5BD3BCC2A /* Pods-PerformanceMonitor.release.xcconfig */ = {isa = PBXFileReference; includeInIndex = 1; lastKnownFileType = text.xcconfig; name = "Pods-PerformanceMonitor.release.xcconfig"; path = "Target Support Files/Pods-PerformanceMonitor/Pods-PerformanceMonitor.release.xcconfig"; sourceTree = "<group>"; };
/* End PBXFileReference section */

/* Begin PBXFrameworksBuildPhase section */
		C2884A612C6AA209004A971C /* Frameworks */ = {
			isa = PBXFrameworksBuildPhase;
			buildActionMask = 2147483647;
			files = (
				C2884A812C6AA3F6004A971C /* GPUUtilization.framework in Frameworks */,
				23659EF54ED175C4130CEE7F /* Pods_PerformanceMonitor.framework in Frameworks */,
			);
			runOnlyForDeploymentPostprocessing = 0;
		};
/* End PBXFrameworksBuildPhase section */

/* Begin PBXGroup section */
		97CF4CEB4C3B5F615978F2F1 /* Frameworks */ = {
			isa = PBXGroup;
			children = (
				C2884A802C6AA3F6004A971C /* GPUUtilization.framework */,
				9CE94BFC8D1D7203E607B928 /* Pods_PerformanceMonitor.framework */,
				084FFA96DFB76E34A138D794 /* Pods_PerformanceMonitor_PerformanceMonitorTests.framework */,
			);
			name = Frameworks;
			sourceTree = "<group>";
		};
		BE5F9F4AE689105E631477F2 /* Pods */ = {
			isa = PBXGroup;
			children = (
				5DA1B6A1CE55C6ED05E73DE2 /* Pods-PerformanceMonitor.debug.xcconfig */,
				D64F17E473DFE4B5BD3BCC2A /* Pods-PerformanceMonitor.release.xcconfig */,
				905592DC3B08F6E1E3F4E592 /* Pods-PerformanceMonitor-PerformanceMonitorTests.debug.xcconfig */,
				19BA314E8ACD0819D7C509BA /* Pods-PerformanceMonitor-PerformanceMonitorTests.release.xcconfig */,
			);
			path = Pods;
			sourceTree = "<group>";
		};
		C2884A5A2C6AA209004A971C = {
			isa = PBXGroup;
			children = (
				C2884A662C6AA209004A971C /* PerformanceMonitor */,
				C2884A652C6AA209004A971C /* Products */,
				BE5F9F4AE689105E631477F2 /* Pods */,
				97CF4CEB4C3B5F615978F2F1 /* Frameworks */,
			);
			sourceTree = "<group>";
		};
		C2884A652C6AA209004A971C /* Products */ = {
			isa = PBXGroup;
			children = (
				C2884A642C6AA209004A971C /* PerformanceMonitor.framework */,
			);
			name = Products;
			sourceTree = "<group>";
		};
		C2884A662C6AA209004A971C /* PerformanceMonitor */ = {
			isa = PBXGroup;
			children = (
				C2884A672C6AA209004A971C /* PerformanceMonitor.h */,
				C2884A682C6AA209004A971C /* PerformanceMonitor.docc */,
				C2884A7E2C6AA253004A971C /* PerformanceMonitor.swift */,
			);
			path = PerformanceMonitor;
			sourceTree = "<group>";
		};
/* End PBXGroup section */

/* Begin PBXHeadersBuildPhase section */
		C2884A5F2C6AA209004A971C /* Headers */ = {
			isa = PBXHeadersBuildPhase;
			buildActionMask = 2147483647;
			files = (
				C2884A752C6AA209004A971C /* PerformanceMonitor.h in Headers */,
			);
			runOnlyForDeploymentPostprocessing = 0;
		};
/* End PBXHeadersBuildPhase section */

/* Begin PBXNativeTarget section */
		C2884A632C6AA209004A971C /* PerformanceMonitor */ = {
			isa = PBXNativeTarget;
			buildConfigurationList = C2884A782C6AA209004A971C /* Build configuration list for PBXNativeTarget "PerformanceMonitor" */;
			buildPhases = (
				792711371E49C031F3B52C5B /* [CP] Check Pods Manifest.lock */,
				C2884A5F2C6AA209004A971C /* Headers */,
				C2884A602C6AA209004A971C /* Sources */,
				C2884A612C6AA209004A971C /* Frameworks */,
				C2884A622C6AA209004A971C /* Resources */,
				C2884A832C6AA3F6004A971C /* Embed Frameworks */,
			);
			buildRules = (
			);
			dependencies = (
			);
			name = PerformanceMonitor;
			productName = PerformanceMonitor;
			productReference = C2884A642C6AA209004A971C /* PerformanceMonitor.framework */;
			productType = "com.apple.product-type.framework";
		};
/* End PBXNativeTarget section */

/* Begin PBXProject section */
		C2884A5B2C6AA209004A971C /* Project object */ = {
			isa = PBXProject;
			attributes = {
				BuildIndependentTargetsInParallel = 1;
				LastSwiftUpdateCheck = 1540;
				LastUpgradeCheck = 1540;
				TargetAttributes = {
					C2884A632C6AA209004A971C = {
						CreatedOnToolsVersion = 15.4;
					};
				};
			};
			buildConfigurationList = C2884A5E2C6AA209004A971C /* Build configuration list for PBXProject "PerformanceMonitor" */;
			compatibilityVersion = "Xcode 14.0";
			developmentRegion = en;
			hasScannedForEncodings = 0;
			knownRegions = (
				en,
				Base,
			);
			mainGroup = C2884A5A2C6AA209004A971C;
			productRefGroup = C2884A652C6AA209004A971C /* Products */;
			projectDirPath = "";
			projectRoot = "";
			targets = (
				C2884A632C6AA209004A971C /* PerformanceMonitor */,
			);
		};
/* End PBXProject section */

/* Begin PBXResourcesBuildPhase section */
		C2884A622C6AA209004A971C /* Resources */ = {
			isa = PBXResourcesBuildPhase;
			buildActionMask = 2147483647;
			files = (
			);
			runOnlyForDeploymentPostprocessing = 0;
		};
/* End PBXResourcesBuildPhase section */

/* Begin PBXShellScriptBuildPhase section */
		792711371E49C031F3B52C5B /* [CP] Check Pods Manifest.lock */ = {
			isa = PBXShellScriptBuildPhase;
			buildActionMask = 2147483647;
			files = (
			);
			inputFileListPaths = (
			);
			inputPaths = (
				"${PODS_PODFILE_DIR_PATH}/Podfile.lock",
				"${PODS_ROOT}/Manifest.lock",
			);
			name = "[CP] Check Pods Manifest.lock";
			outputFileListPaths = (
			);
			outputPaths = (
				"$(DERIVED_FILE_DIR)/Pods-PerformanceMonitor-checkManifestLockResult.txt",
			);
			runOnlyForDeploymentPostprocessing = 0;
			shellPath = /bin/sh;
			shellScript = "diff \"${PODS_PODFILE_DIR_PATH}/Podfile.lock\" \"${PODS_ROOT}/Manifest.lock\" > /dev/null\nif [ $? != 0 ] ; then\n    # print error to STDERR\n    echo \"error: The sandbox is not in sync with the Podfile.lock. Run 'pod install' or update your CocoaPods installation.\" >&2\n    exit 1\nfi\n# This output is used by Xcode 'outputs' to avoid re-running this script phase.\necho \"SUCCESS\" > \"${SCRIPT_OUTPUT_FILE_0}\"\n";
			showEnvVarsInLog = 0;
		};
/* End PBXShellScriptBuildPhase section */

/* Begin PBXSourcesBuildPhase section */
		C2884A602C6AA209004A971C /* Sources */ = {
			isa = PBXSourcesBuildPhase;
			buildActionMask = 2147483647;
			files = (
				C2884A692C6AA209004A971C /* PerformanceMonitor.docc in Sources */,
				C2884A7F2C6AA253004A971C /* PerformanceMonitor.swift in Sources */,
			);
			runOnlyForDeploymentPostprocessing = 0;
		};
/* End PBXSourcesBuildPhase section */

/* Begin XCBuildConfiguration section */
		C2884A762C6AA209004A971C /* Debug */ = {
			isa = XCBuildConfiguration;
			buildSettings = {
				ALWAYS_SEARCH_USER_PATHS = NO;
				ASSETCATALOG_COMPILER_GENERATE_SWIFT_ASSET_SYMBOL_EXTENSIONS = YES;
				CLANG_ANALYZER_NONNULL = YES;
				CLANG_ANALYZER_NUMBER_OBJECT_CONVERSION = YES_AGGRESSIVE;
				CLANG_CXX_LANGUAGE_STANDARD = "gnu++20";
				CLANG_ENABLE_MODULES = YES;
				CLANG_ENABLE_OBJC_ARC = YES;
				CLANG_ENABLE_OBJC_WEAK = YES;
				CLANG_WARN_BLOCK_CAPTURE_AUTORELEASING = YES;
				CLANG_WARN_BOOL_CONVERSION = YES;
				CLANG_WARN_COMMA = YES;
				CLANG_WARN_CONSTANT_CONVERSION = YES;
				CLANG_WARN_DEPRECATED_OBJC_IMPLEMENTATIONS = YES;
				CLANG_WARN_DIRECT_OBJC_ISA_USAGE = YES_ERROR;
				CLANG_WARN_DOCUMENTATION_COMMENTS = YES;
				CLANG_WARN_EMPTY_BODY = YES;
				CLANG_WARN_ENUM_CONVERSION = YES;
				CLANG_WARN_INFINITE_RECURSION = YES;
				CLANG_WARN_INT_CONVERSION = YES;
				CLANG_WARN_NON_LITERAL_NULL_CONVERSION = YES;
				CLANG_WARN_OBJC_IMPLICIT_RETAIN_SELF = YES;
				CLANG_WARN_OBJC_LITERAL_CONVERSION = YES;
				CLANG_WARN_OBJC_ROOT_CLASS = YES_ERROR;
				CLANG_WARN_QUOTED_INCLUDE_IN_FRAMEWORK_HEADER = YES;
				CLANG_WARN_RANGE_LOOP_ANALYSIS = YES;
				CLANG_WARN_STRICT_PROTOTYPES = YES;
				CLANG_WARN_SUSPICIOUS_MOVE = YES;
				CLANG_WARN_UNGUARDED_AVAILABILITY = YES_AGGRESSIVE;
				CLANG_WARN_UNREACHABLE_CODE = YES;
				CLANG_WARN__DUPLICATE_METHOD_MATCH = YES;
				COPY_PHASE_STRIP = NO;
				CURRENT_PROJECT_VERSION = 1;
				DEBUG_INFORMATION_FORMAT = dwarf;
				ENABLE_STRICT_OBJC_MSGSEND = YES;
				ENABLE_TESTABILITY = YES;
				ENABLE_USER_SCRIPT_SANDBOXING = YES;
				GCC_C_LANGUAGE_STANDARD = gnu17;
				GCC_DYNAMIC_NO_PIC = NO;
				GCC_NO_COMMON_BLOCKS = YES;
				GCC_OPTIMIZATION_LEVEL = 0;
				GCC_PREPROCESSOR_DEFINITIONS = (
					"DEBUG=1",
					"$(inherited)",
				);
				GCC_WARN_64_TO_32_BIT_CONVERSION = YES;
				GCC_WARN_ABOUT_RETURN_TYPE = YES_ERROR;
				GCC_WARN_UNDECLARED_SELECTOR = YES;
				GCC_WARN_UNINITIALIZED_AUTOS = YES_AGGRESSIVE;
				GCC_WARN_UNUSED_FUNCTION = YES;
				GCC_WARN_UNUSED_VARIABLE = YES;
				IPHONEOS_DEPLOYMENT_TARGET = 17.5;
				LOCALIZATION_PREFERS_STRING_CATALOGS = YES;
				MTL_ENABLE_DEBUG_INFO = INCLUDE_SOURCE;
				MTL_FAST_MATH = YES;
				ONLY_ACTIVE_ARCH = YES;
				SDKROOT = iphoneos;
				SWIFT_ACTIVE_COMPILATION_CONDITIONS = "DEBUG $(inherited)";
				SWIFT_OPTIMIZATION_LEVEL = "-Onone";
				VERSIONING_SYSTEM = "apple-generic";
				VERSION_INFO_PREFIX = "";
			};
			name = Debug;
		};
		C2884A772C6AA209004A971C /* Release */ = {
			isa = XCBuildConfiguration;
			buildSettings = {
				ALWAYS_SEARCH_USER_PATHS = NO;
				ASSETCATALOG_COMPILER_GENERATE_SWIFT_ASSET_SYMBOL_EXTENSIONS = YES;
				CLANG_ANALYZER_NONNULL = YES;
				CLANG_ANALYZER_NUMBER_OBJECT_CONVERSION = YES_AGGRESSIVE;
				CLANG_CXX_LANGUAGE_STANDARD = "gnu++20";
				CLANG_ENABLE_MODULES = YES;
				CLANG_ENABLE_OBJC_ARC = YES;
				CLANG_ENABLE_OBJC_WEAK = YES;
				CLANG_WARN_BLOCK_CAPTURE_AUTORELEASING = YES;
				CLANG_WARN_BOOL_CONVERSION = YES;
				CLANG_WARN_COMMA = YES;
				CLANG_WARN_CONSTANT_CONVERSION = YES;
				CLANG_WARN_DEPRECATED_OBJC_IMPLEMENTATIONS = YES;
				CLANG_WARN_DIRECT_OBJC_ISA_USAGE = YES_ERROR;
				CLANG_WARN_DOCUMENTATION_COMMENTS = YES;
				CLANG_WARN_EMPTY_BODY = YES;
				CLANG_WARN_ENUM_CONVERSION = YES;
				CLANG_WARN_INFINITE_RECURSION = YES;
				CLANG_WARN_INT_CONVERSION = YES;
				CLANG_WARN_NON_LITERAL_NULL_CONVERSION = YES;
				CLANG_WARN_OBJC_IMPLICIT_RETAIN_SELF = YES;
				CLANG_WARN_OBJC_LITERAL_CONVERSION = YES;
				CLANG_WARN_OBJC_ROOT_CLASS = YES_ERROR;
				CLANG_WARN_QUOTED_INCLUDE_IN_FRAMEWORK_HEADER = YES;
				CLANG_WARN_RANGE_LOOP_ANALYSIS = YES;
				CLANG_WARN_STRICT_PROTOTYPES = YES;
				CLANG_WARN_SUSPICIOUS_MOVE = YES;
				CLANG_WARN_UNGUARDED_AVAILABILITY = YES_AGGRESSIVE;
				CLANG_WARN_UNREACHABLE_CODE = YES;
				CLANG_WARN__DUPLICATE_METHOD_MATCH = YES;
				COPY_PHASE_STRIP = NO;
				CURRENT_PROJECT_VERSION = 1;
				DEBUG_INFORMATION_FORMAT = "dwarf-with-dsym";
				ENABLE_NS_ASSERTIONS = NO;
				ENABLE_STRICT_OBJC_MSGSEND = YES;
				ENABLE_USER_SCRIPT_SANDBOXING = YES;
				GCC_C_LANGUAGE_STANDARD = gnu17;
				GCC_NO_COMMON_BLOCKS = YES;
				GCC_WARN_64_TO_32_BIT_CONVERSION = YES;
				GCC_WARN_ABOUT_RETURN_TYPE = YES_ERROR;
				GCC_WARN_UNDECLARED_SELECTOR = YES;
				GCC_WARN_UNINITIALIZED_AUTOS = YES_AGGRESSIVE;
				GCC_WARN_UNUSED_FUNCTION = YES;
				GCC_WARN_UNUSED_VARIABLE = YES;
				IPHONEOS_DEPLOYMENT_TARGET = 17.5;
				LOCALIZATION_PREFERS_STRING_CATALOGS = YES;
				MTL_ENABLE_DEBUG_INFO = NO;
				MTL_FAST_MATH = YES;
				SDKROOT = iphoneos;
				SWIFT_COMPILATION_MODE = wholemodule;
				VALIDATE_PRODUCT = YES;
				VERSIONING_SYSTEM = "apple-generic";
				VERSION_INFO_PREFIX = "";
			};
			name = Release;
		};
		C2884A792C6AA209004A971C /* Debug */ = {
			isa = XCBuildConfiguration;
			baseConfigurationReference = 5DA1B6A1CE55C6ED05E73DE2 /* Pods-PerformanceMonitor.debug.xcconfig */;
			buildSettings = {
				BUILD_LIBRARY_FOR_DISTRIBUTION = YES;
				CODE_SIGN_STYLE = Automatic;
				CURRENT_PROJECT_VERSION = 1;
				DEFINES_MODULE = YES;
				DEVELOPMENT_TEAM = 9UWY3F2S38;
				DYLIB_COMPATIBILITY_VERSION = 1;
				DYLIB_CURRENT_VERSION = 1;
				DYLIB_INSTALL_NAME_BASE = "@rpath";
				ENABLE_MODULE_VERIFIER = YES;
				GENERATE_INFOPLIST_FILE = YES;
				INFOPLIST_KEY_NSHumanReadableCopyright = "";
				INSTALL_PATH = "$(LOCAL_LIBRARY_DIR)/Frameworks";
				IPHONEOS_DEPLOYMENT_TARGET = 15.0;
				LD_RUNPATH_SEARCH_PATHS = (
					"$(inherited)",
					"@executable_path/Frameworks",
					"@loader_path/Frameworks",
				);
				MARKETING_VERSION = 1.0;
				MODULE_VERIFIER_SUPPORTED_LANGUAGES = "objective-c objective-c++";
				MODULE_VERIFIER_SUPPORTED_LANGUAGE_STANDARDS = "gnu17 gnu++20";
				PRODUCT_BUNDLE_IDENTIFIER = com.valerio.PerformanceMonitor;
				PRODUCT_NAME = "$(TARGET_NAME:c99extidentifier)";
				SKIP_INSTALL = YES;
				SWIFT_EMIT_LOC_STRINGS = YES;
				SWIFT_INSTALL_OBJC_HEADER = NO;
				SWIFT_VERSION = 5.0;
				TARGETED_DEVICE_FAMILY = "1,2";
			};
			name = Debug;
		};
		C2884A7A2C6AA209004A971C /* Release */ = {
			isa = XCBuildConfiguration;
			baseConfigurationReference = D64F17E473DFE4B5BD3BCC2A /* Pods-PerformanceMonitor.release.xcconfig */;
			buildSettings = {
				BUILD_LIBRARY_FOR_DISTRIBUTION = YES;
				CODE_SIGN_STYLE = Automatic;
				CURRENT_PROJECT_VERSION = 1;
				DEFINES_MODULE = YES;
				DEVELOPMENT_TEAM = 9UWY3F2S38;
				DYLIB_COMPATIBILITY_VERSION = 1;
				DYLIB_CURRENT_VERSION = 1;
				DYLIB_INSTALL_NAME_BASE = "@rpath";
				ENABLE_MODULE_VERIFIER = YES;
				GENERATE_INFOPLIST_FILE = YES;
				INFOPLIST_KEY_NSHumanReadableCopyright = "";
				INSTALL_PATH = "$(LOCAL_LIBRARY_DIR)/Frameworks";
				IPHONEOS_DEPLOYMENT_TARGET = 15.0;
				LD_RUNPATH_SEARCH_PATHS = (
					"$(inherited)",
					"@executable_path/Frameworks",
					"@loader_path/Frameworks",
				);
				MARKETING_VERSION = 1.0;
				MODULE_VERIFIER_SUPPORTED_LANGUAGES = "objective-c objective-c++";
				MODULE_VERIFIER_SUPPORTED_LANGUAGE_STANDARDS = "gnu17 gnu++20";
				PRODUCT_BUNDLE_IDENTIFIER = com.valerio.PerformanceMonitor;
				PRODUCT_NAME = "$(TARGET_NAME:c99extidentifier)";
				SKIP_INSTALL = YES;
				SWIFT_EMIT_LOC_STRINGS = YES;
				SWIFT_INSTALL_OBJC_HEADER = NO;
				SWIFT_VERSION = 5.0;
				TARGETED_DEVICE_FAMILY = "1,2";
			};
			name = Release;
		};
/* End XCBuildConfiguration section */

/* Begin XCConfigurationList section */
		C2884A5E2C6AA209004A971C /* Build configuration list for PBXProject "PerformanceMonitor" */ = {
			isa = XCConfigurationList;
			buildConfigurations = (
				C2884A762C6AA209004A971C /* Debug */,
				C2884A772C6AA209004A971C /* Release */,
			);
			defaultConfigurationIsVisible = 0;
			defaultConfigurationName = Release;
		};
		C2884A782C6AA209004A971C /* Build configuration list for PBXNativeTarget "PerformanceMonitor" */ = {
			isa = XCConfigurationList;
			buildConfigurations = (
				C2884A792C6AA209004A971C /* Debug */,
				C2884A7A2C6AA209004A971C /* Release */,
			);
			defaultConfigurationIsVisible = 0;
			defaultConfigurationName = Release;
		};
/* End XCConfigurationList section */
	};
	rootObject = C2884A5B2C6AA209004A971C /* Project object */;
}
